
Microsoft Visual Studio Solution File, Format Version 12.00
# Visual Studio Version 17
VisualStudioVersion = 17.13.35931.197 d17.13
MinimumVisualStudioVersion = 10.0.40219.1
Project("{FAE04EC0-301F-11D3-BF4B-00C04F79EFBC}") = "04_Fun_with_2D_Arrays", "04_Fun_with_2D_Arrays.csproj", "{414F2D59-1D00-4E5C-8D94-53CA3EAD7914}"
EndProject
Global
	GlobalSection(SolutionConfigurationPlatforms) = preSolution
		Debug|Any CPU = Debug|Any CPU
		Release|Any CPU = Release|Any CPU
	EndGlobalSection
	GlobalSection(ProjectConfigurationPlatforms) = postSolution
		{414F2D59-1D00-4E5C-8D94-53CA3EAD7914}.Debug|Any CPU.ActiveCfg = Debug|Any CPU
		{414F2D59-1D00-4E5C-8D94-53CA3EAD7914}.Debug|Any CPU.Build.0 = Debug|Any CPU
		{414F2D59-1D00-4E5C-8D94-53CA3EAD7914}.Release|Any CPU.ActiveCfg = Release|Any CPU
		{414F2D59-1D00-4E5C-8D94-53CA3EAD7914}.Release|Any CPU.Build.0 = Release|Any CPU
	EndGlobalSection
	GlobalSection(SolutionProperties) = preSolution
		HideSolutionNode = FALSE
	EndGlobalSection
	GlobalSection(ExtensibilityGlobals) = postSolution
		SolutionGuid = {C1C1293E-85D1-49D9-A6B0-5D2421278459}
	EndGlobalSection
EndGlobal
